// !$*UTF8*$!
{
	archiveVersion = 1;
	classes = {
	};
	objectVersion = 55;
	objects = {

/* Begin PBXBuildFile section */
		29E82E0A6A0F44BEBB52EBAC /* Pods_GTMBarCodeScannerDemo.framework in Frameworks */ = {isa = PBXBuildFile; fileRef = 20579B8ED21A9313DAF6EE4E /* Pods_GTMBarCodeScannerDemo.framework */; };
		687CFE2428ABBC780024DCCD /* AppDelegate.swift in Sources */ = {isa = PBXBuildFile; fileRef = 687CFE2328ABBC780024DCCD /* AppDelegate.swift */; };
		687CFE2628ABBC780024DCCD /* SceneDelegate.swift in Sources */ = {isa = PBXBuildFile; fileRef = 687CFE2528ABBC780024DCCD /* SceneDelegate.swift */; };
		687CFE2828ABBC780024DCCD /* ViewController.swift in Sources */ = {isa = PBXBuildFile; fileRef = 687CFE2728ABBC780024DCCD /* ViewController.swift */; };
		687CFE2B28ABBC780024DCCD /* Main.storyboard in Resources */ = {isa = PBXBuildFile; fileRef = 687CFE2928ABBC780024DCCD /* Main.storyboard */; };
		687CFE2D28ABBC790024DCCD /* Assets.xcassets in Resources */ = {isa = PBXBuildFile; fileRef = 687CFE2C28ABBC790024DCCD /* Assets.xcassets */; };
		687CFE3028ABBC790024DCCD /* LaunchScreen.storyboard in Resources */ = {isa = PBXBuildFile; fileRef = 687CFE2E28ABBC790024DCCD /* LaunchScreen.storyboard */; };
		687CFE3C28ABBCCB0024DCCD /* VoiceSearchOn.wav in Resources */ = {isa = PBXBuildFile; fileRef = 687CFE3B28ABBCCB0024DCCD /* VoiceSearchOn.wav */; };
		687CFE3F28ABBD630024DCCD /* PositionableButton.swift in Sources */ = {isa = PBXBuildFile; fileRef = 687CFE3E28ABBD630024DCCD /* PositionableButton.swift */; };
		687CFE4128ABBDC70024DCCD /* UIButton + Extensions.swift in Sources */ = {isa = PBXBuildFile; fileRef = 687CFE4028ABBDC70024DCCD /* UIButton + Extensions.swift */; };
/* End PBXBuildFile section */

/* Begin PBXFileReference section */
		20579B8ED21A9313DAF6EE4E /* Pods_GTMBarCodeScannerDemo.framework */ = {isa = PBXFileReference; explicitFileType = wrapper.framework; includeInIndex = 0; path = Pods_GTMBarCodeScannerDemo.framework; sourceTree = BUILT_PRODUCTS_DIR; };
		4FF368EFAF7EDCF1F3120122 /* Pods-GTMBarCodeScannerDemo.release.xcconfig */ = {isa = PBXFileReference; includeInIndex = 1; lastKnownFileType = text.xcconfig; name = "Pods-GTMBarCodeScannerDemo.release.xcconfig"; path = "Target Support Files/Pods-GTMBarCodeScannerDemo/Pods-GTMBarCodeScannerDemo.release.xcconfig"; sourceTree = "<group>"; };
		687CFE2028ABBC780024DCCD /* GTMBarCodeScannerDemo.app */ = {isa = PBXFileReference; explicitFileType = wrapper.application; includeInIndex = 0; path = GTMBarCodeScannerDemo.app; sourceTree = BUILT_PRODUCTS_DIR; };
		687CFE2328ABBC780024DCCD /* AppDelegate.swift */ = {isa = PBXFileReference; lastKnownFileType = sourcecode.swift; path = AppDelegate.swift; sourceTree = "<group>"; };
		687CFE2528ABBC780024DCCD /* SceneDelegate.swift */ = {isa = PBXFileReference; lastKnownFileType = sourcecode.swift; path = SceneDelegate.swift; sourceTree = "<group>"; };
		687CFE2728ABBC780024DCCD /* ViewController.swift */ = {isa = PBXFileReference; lastKnownFileType = sourcecode.swift; path = ViewController.swift; sourceTree = "<group>"; };
		687CFE2A28ABBC780024DCCD /* Base */ = {isa = PBXFileReference; lastKnownFileType = file.storyboard; name = Base; path = Base.lproj/Main.storyboard; sourceTree = "<group>"; };
		687CFE2C28ABBC790024DCCD /* Assets.xcassets */ = {isa = PBXFileReference; lastKnownFileType = folder.assetcatalog; path = Assets.xcassets; sourceTree = "<group>"; };
		687CFE2F28ABBC790024DCCD /* Base */ = {isa = PBXFileReference; lastKnownFileType = file.storyboard; name = Base; path = Base.lproj/LaunchScreen.storyboard; sourceTree = "<group>"; };
		687CFE3128ABBC790024DCCD /* Info.plist */ = {isa = PBXFileReference; lastKnownFileType = text.plist.xml; path = Info.plist; sourceTree = "<group>"; };
		687CFE3B28ABBCCB0024DCCD /* VoiceSearchOn.wav */ = {isa = PBXFileReference; lastKnownFileType = audio.wav; path = VoiceSearchOn.wav; sourceTree = "<group>"; };
		687CFE3E28ABBD630024DCCD /* PositionableButton.swift */ = {isa = PBXFileReference; fileEncoding = 4; lastKnownFileType = sourcecode.swift; path = PositionableButton.swift; sourceTree = "<group>"; };
		687CFE4028ABBDC70024DCCD /* UIButton + Extensions.swift */ = {isa = PBXFileReference; lastKnownFileType = sourcecode.swift; path = "UIButton + Extensions.swift"; sourceTree = "<group>"; };
		A60EDBFB8BCC87E18288E3BA /* Pods-GTMBarCodeScannerDemo.debug.xcconfig */ = {isa = PBXFileReference; includeInIndex = 1; lastKnownFileType = text.xcconfig; name = "Pods-GTMBarCodeScannerDemo.debug.xcconfig"; path = "Target Support Files/Pods-GTMBarCodeScannerDemo/Pods-GTMBarCodeScannerDemo.debug.xcconfig"; sourceTree = "<group>"; };
/* End PBXFileReference section */

/* Begin PBXFrameworksBuildPhase section */
		687CFE1D28ABBC780024DCCD /* Frameworks */ = {
			isa = PBXFrameworksBuildPhase;
			buildActionMask = 2147483647;
			files = (
				29E82E0A6A0F44BEBB52EBAC /* Pods_GTMBarCodeScannerDemo.framework in Frameworks */,
			);
			runOnlyForDeploymentPostprocessing = 0;
		};
/* End PBXFrameworksBuildPhase section */

/* Begin PBXGroup section */
		0CE69A8AFEF26B8BA44D2EE1 /* Pods */ = {
			isa = PBXGroup;
			children = (
				A60EDBFB8BCC87E18288E3BA /* Pods-GTMBarCodeScannerDemo.debug.xcconfig */,
				4FF368EFAF7EDCF1F3120122 /* Pods-GTMBarCodeScannerDemo.release.xcconfig */,
			);
			path = Pods;
			sourceTree = "<group>";
		};
		687CFE1728ABBC780024DCCD = {
			isa = PBXGroup;
			children = (
				687CFE2228ABBC780024DCCD /* GTMBarCodeScannerDemo */,
				687CFE2128ABBC780024DCCD /* Products */,
				0CE69A8AFEF26B8BA44D2EE1 /* Pods */,
				EE03483BEAA47D620AA3B517 /* Frameworks */,
			);
			sourceTree = "<group>";
		};
		687CFE2128ABBC780024DCCD /* Products */ = {
			isa = PBXGroup;
			children = (
				687CFE2028ABBC780024DCCD /* GTMBarCodeScannerDemo.app */,
			);
			name = Products;
			sourceTree = "<group>";
		};
		687CFE2228ABBC780024DCCD /* GTMBarCodeScannerDemo */ = {
			isa = PBXGroup;
			children = (
				687CFE3D28ABBD530024DCCD /* Extensions */,
				687CFE3A28ABBCBD0024DCCD /* Resources */,
				687CFE2328ABBC780024DCCD /* AppDelegate.swift */,
				687CFE2528ABBC780024DCCD /* SceneDelegate.swift */,
				687CFE2728ABBC780024DCCD /* ViewController.swift */,
				687CFE2928ABBC780024DCCD /* Main.storyboard */,
				687CFE2C28ABBC790024DCCD /* Assets.xcassets */,
				687CFE2E28ABBC790024DCCD /* LaunchScreen.storyboard */,
				687CFE3128ABBC790024DCCD /* Info.plist */,
			);
			path = GTMBarCodeScannerDemo;
			sourceTree = "<group>";
		};
		687CFE3A28ABBCBD0024DCCD /* Resources */ = {
			isa = PBXGroup;
			children = (
				687CFE3B28ABBCCB0024DCCD /* VoiceSearchOn.wav */,
			);
			path = Resources;
			sourceTree = "<group>";
		};
		687CFE3D28ABBD530024DCCD /* Extensions */ = {
			isa = PBXGroup;
			children = (
				687CFE3E28ABBD630024DCCD /* PositionableButton.swift */,
				687CFE4028ABBDC70024DCCD /* UIButton + Extensions.swift */,
			);
			path = Extensions;
			sourceTree = "<group>";
		};
		EE03483BEAA47D620AA3B517 /* Frameworks */ = {
			isa = PBXGroup;
			children = (
				20579B8ED21A9313DAF6EE4E /* Pods_GTMBarCodeScannerDemo.framework */,
			);
			name = Frameworks;
			sourceTree = "<group>";
		};
/* End PBXGroup section */

/* Begin PBXNativeTarget section */
		687CFE1F28ABBC780024DCCD /* GTMBarCodeScannerDemo */ = {
			isa = PBXNativeTarget;
			buildConfigurationList = 687CFE3428ABBC790024DCCD /* Build configuration list for PBXNativeTarget "GTMBarCodeScannerDemo" */;
			buildPhases = (
				6F7B76CD60A06CEF3C4E2EF3 /* [CP] Check Pods Manifest.lock */,
				687CFE1C28ABBC780024DCCD /* Sources */,
				687CFE1D28ABBC780024DCCD /* Frameworks */,
				687CFE1E28ABBC780024DCCD /* Resources */,
				83DA7FE97EEAD73F02E71FC4 /* [CP] Embed Pods Frameworks */,
			);
			buildRules = (
			);
			dependencies = (
			);
			name = GTMBarCodeScannerDemo;
			productName = GTMBarCodeScannerDemo;
			productReference = 687CFE2028ABBC780024DCCD /* GTMBarCodeScannerDemo.app */;
			productType = "com.apple.product-type.application";
		};
/* End PBXNativeTarget section */

/* Begin PBXProject section */
		687CFE1828ABBC780024DCCD /* Project object */ = {
			isa = PBXProject;
			attributes = {
				BuildIndependentTargetsInParallel = 1;
				LastSwiftUpdateCheck = 1340;
				LastUpgradeCheck = 1340;
				TargetAttributes = {
					687CFE1F28ABBC780024DCCD = {
						CreatedOnToolsVersion = 13.4.1;
					};
				};
			};
			buildConfigurationList = 687CFE1B28ABBC780024DCCD /* Build configuration list for PBXProject "GTMBarCodeScannerDemo" */;
			compatibilityVersion = "Xcode 13.0";
			developmentRegion = en;
			hasScannedForEncodings = 0;
			knownRegions = (
				en,
				Base,
			);
			mainGroup = 687CFE1728ABBC780024DCCD;
			productRefGroup = 687CFE2128ABBC780024DCCD /* Products */;
			projectDirPath = "";
			projectRoot = "";
			targets = (
				687CFE1F28ABBC780024DCCD /* GTMBarCodeScannerDemo */,
			);
		};
/* End PBXProject section */

/* Begin PBXResourcesBuildPhase section */
		687CFE1E28ABBC780024DCCD /* Resources */ = {
			isa = PBXResourcesBuildPhase;
			buildActionMask = 2147483647;
			files = (
				687CFE3028ABBC790024DCCD /* LaunchScreen.storyboard in Resources */,
				687CFE2D28ABBC790024DCCD /* Assets.xcassets in Resources */,
				687CFE3C28ABBCCB0024DCCD /* VoiceSearchOn.wav in Resources */,
				687CFE2B28ABBC780024DCCD /* Main.storyboard in Resources */,
			);
			runOnlyForDeploymentPostprocessing = 0;
		};
/* End PBXResourcesBuildPhase section */

/* Begin PBXShellScriptBuildPhase section */
		6F7B76CD60A06CEF3C4E2EF3 /* [CP] Check Pods Manifest.lock */ = {
			isa = PBXShellScriptBuildPhase;
			buildActionMask = 2147483647;
			files = (
			);
			inputFileListPaths = (
			);
			inputPaths = (
				"${PODS_PODFILE_DIR_PATH}/Podfile.lock",
				"${PODS_ROOT}/Manifest.lock",
			);
			name = "[CP] Check Pods Manifest.lock";
			outputFileListPaths = (
			);
			outputPaths = (
				"$(DERIVED_FILE_DIR)/Pods-GTMBarCodeScannerDemo-checkManifestLockResult.txt",
			);
			runOnlyForDeploymentPostprocessing = 0;
			shellPath = /bin/sh;
			shellScript = "diff \"${PODS_PODFILE_DIR_PATH}/Podfile.lock\" \"${PODS_ROOT}/Manifest.lock\" > /dev/null\nif [ $? != 0 ] ; then\n    # print error to STDERR\n    echo \"error: The sandbox is not in sync with the Podfile.lock. Run 'pod install' or update your CocoaPods installation.\" >&2\n    exit 1\nfi\n# This output is used by Xcode 'outputs' to avoid re-running this script phase.\necho \"SUCCESS\" > \"${SCRIPT_OUTPUT_FILE_0}\"\n";
			showEnvVarsInLog = 0;
		};
		83DA7FE97EEAD73F02E71FC4 /* [CP] Embed Pods Frameworks */ = {
			isa = PBXShellScriptBuildPhase;
			buildActionMask = 2147483647;
			files = (
			);
			inputFileListPaths = (
				"${PODS_ROOT}/Target Support Files/Pods-GTMBarCodeScannerDemo/Pods-GTMBarCodeScannerDemo-frameworks-${CONFIGURATION}-input-files.xcfilelist",
			);
			name = "[CP] Embed Pods Frameworks";
			outputFileListPaths = (
				"${PODS_ROOT}/Target Support Files/Pods-GTMBarCodeScannerDemo/Pods-GTMBarCodeScannerDemo-frameworks-${CONFIGURATION}-output-files.xcfilelist",
			);
			runOnlyForDeploymentPostprocessing = 0;
			shellPath = /bin/sh;
			shellScript = "\"${PODS_ROOT}/Target Support Files/Pods-GTMBarCodeScannerDemo/Pods-GTMBarCodeScannerDemo-frameworks.sh\"\n";
			showEnvVarsInLog = 0;
		};
/* End PBXShellScriptBuildPhase section */

/* Begin PBXSourcesBuildPhase section */
		687CFE1C28ABBC780024DCCD /* Sources */ = {
			isa = PBXSourcesBuildPhase;
			buildActionMask = 2147483647;
			files = (
				687CFE3F28ABBD630024DCCD /* PositionableButton.swift in Sources */,
				687CFE2828ABBC780024DCCD /* ViewController.swift in Sources */,
				687CFE2428ABBC780024DCCD /* AppDelegate.swift in Sources */,
				687CFE2628ABBC780024DCCD /* SceneDelegate.swift in Sources */,
				687CFE4128ABBDC70024DCCD /* UIButton + Extensions.swift in Sources */,
			);
			runOnlyForDeploymentPostprocessing = 0;
		};
/* End PBXSourcesBuildPhase section */

/* Begin PBXVariantGroup section */
		687CFE2928ABBC780024DCCD /* Main.storyboard */ = {
			isa = PBXVariantGroup;
			children = (
				687CFE2A28ABBC780024DCCD /* Base */,
			);
			name = Main.storyboard;
			sourceTree = "<group>";
		};
		687CFE2E28ABBC790024DCCD /* LaunchScreen.storyboard */ = {
			isa = PBXVariantGroup;
			children = (
				687CFE2F28ABBC790024DCCD /* Base */,
			);
			name = LaunchScreen.storyboard;
			sourceTree = "<group>";
		};
/* End PBXVariantGroup section */

/* Begin XCBuildConfiguration section */
		687CFE3228ABBC790024DCCD /* Debug */ = {
			isa = XCBuildConfiguration;
			buildSettings = {
				ALWAYS_SEARCH_USER_PATHS = NO;
				CLANG_ANALYZER_NONNULL = YES;
				CLANG_ANALYZER_NUMBER_OBJECT_CONVERSION = YES_AGGRESSIVE;
				CLANG_CXX_LANGUAGE_STANDARD = "gnu++17";
				CLANG_ENABLE_MODULES = YES;
				CLANG_ENABLE_OBJC_ARC = YES;
				CLANG_ENABLE_OBJC_WEAK = YES;
				CLANG_WARN_BLOCK_CAPTURE_AUTORELEASING = YES;
				CLANG_WARN_BOOL_CONVERSION = YES;
				CLANG_WARN_COMMA = YES;
				CLANG_WARN_CONSTANT_CONVERSION = YES;
				CLANG_WARN_DEPRECATED_OBJC_IMPLEMENTATIONS = YES;
				CLANG_WARN_DIRECT_OBJC_ISA_USAGE = YES_ERROR;
				CLANG_WARN_DOCUMENTATION_COMMENTS = YES;
				CLANG_WARN_EMPTY_BODY = YES;
				CLANG_WARN_ENUM_CONVERSION = YES;
				CLANG_WARN_INFINITE_RECURSION = YES;
				CLANG_WARN_INT_CONVERSION = YES;
				CLANG_WARN_NON_LITERAL_NULL_CONVERSION = YES;
				CLANG_WARN_OBJC_IMPLICIT_RETAIN_SELF = YES;
				CLANG_WARN_OBJC_LITERAL_CONVERSION = YES;
				CLANG_WARN_OBJC_ROOT_CLASS = YES_ERROR;
				CLANG_WARN_QUOTED_INCLUDE_IN_FRAMEWORK_HEADER = YES;
				CLANG_WARN_RANGE_LOOP_ANALYSIS = YES;
				CLANG_WARN_STRICT_PROTOTYPES = YES;
				CLANG_WARN_SUSPICIOUS_MOVE = YES;
				CLANG_WARN_UNGUARDED_AVAILABILITY = YES_AGGRESSIVE;
				CLANG_WARN_UNREACHABLE_CODE = YES;
				CLANG_WARN__DUPLICATE_METHOD_MATCH = YES;
				COPY_PHASE_STRIP = NO;
				DEBUG_INFORMATION_FORMAT = dwarf;
				ENABLE_STRICT_OBJC_MSGSEND = YES;
				ENABLE_TESTABILITY = YES;
				GCC_C_LANGUAGE_STANDARD = gnu11;
				GCC_DYNAMIC_NO_PIC = NO;
				GCC_NO_COMMON_BLOCKS = YES;
				GCC_OPTIMIZATION_LEVEL = 0;
				GCC_PREPROCESSOR_DEFINITIONS = (
					"DEBUG=1",
					"$(inherited)",
				);
				GCC_WARN_64_TO_32_BIT_CONVERSION = YES;
				GCC_WARN_ABOUT_RETURN_TYPE = YES_ERROR;
				GCC_WARN_UNDECLARED_SELECTOR = YES;
				GCC_WARN_UNINITIALIZED_AUTOS = YES_AGGRESSIVE;
				GCC_WARN_UNUSED_FUNCTION = YES;
				GCC_WARN_UNUSED_VARIABLE = YES;
				IPHONEOS_DEPLOYMENT_TARGET = 15.5;
				MTL_ENABLE_DEBUG_INFO = INCLUDE_SOURCE;
				MTL_FAST_MATH = YES;
				ONLY_ACTIVE_ARCH = YES;
				SDKROOT = iphoneos;
				SWIFT_ACTIVE_COMPILATION_CONDITIONS = DEBUG;
				SWIFT_OPTIMIZATION_LEVEL = "-Onone";
			};
			name = Debug;
		};
		687CFE3328ABBC790024DCCD /* Release */ = {
			isa = XCBuildConfiguration;
			buildSettings = {
				ALWAYS_SEARCH_USER_PATHS = NO;
				CLANG_ANALYZER_NONNULL = YES;
				CLANG_ANALYZER_NUMBER_OBJECT_CONVERSION = YES_AGGRESSIVE;
				CLANG_CXX_LANGUAGE_STANDARD = "gnu++17";
				CLANG_ENABLE_MODULES = YES;
				CLANG_ENABLE_OBJC_ARC = YES;
				CLANG_ENABLE_OBJC_WEAK = YES;
				CLANG_WARN_BLOCK_CAPTURE_AUTORELEASING = YES;
				CLANG_WARN_BOOL_CONVERSION = YES;
				CLANG_WARN_COMMA = YES;
				CLANG_WARN_CONSTANT_CONVERSION = YES;
				CLANG_WARN_DEPRECATED_OBJC_IMPLEMENTATIONS = YES;
				CLANG_WARN_DIRECT_OBJC_ISA_USAGE = YES_ERROR;
				CLANG_WARN_DOCUMENTATION_COMMENTS = YES;
				CLANG_WARN_EMPTY_BODY = YES;
				CLANG_WARN_ENUM_CONVERSION = YES;
				CLANG_WARN_INFINITE_RECURSION = YES;
				CLANG_WARN_INT_CONVERSION = YES;
				CLANG_WARN_NON_LITERAL_NULL_CONVERSION = YES;
				CLANG_WARN_OBJC_IMPLICIT_RETAIN_SELF = YES;
				CLANG_WARN_OBJC_LITERAL_CONVERSION = YES;
				CLANG_WARN_OBJC_ROOT_CLASS = YES_ERROR;
				CLANG_WARN_QUOTED_INCLUDE_IN_FRAMEWORK_HEADER = YES;
				CLANG_WARN_RANGE_LOOP_ANALYSIS = YES;
				CLANG_WARN_STRICT_PROTOTYPES = YES;
				CLANG_WARN_SUSPICIOUS_MOVE = YES;
				CLANG_WARN_UNGUARDED_AVAILABILITY = YES_AGGRESSIVE;
				CLANG_WARN_UNREACHABLE_CODE = YES;
				CLANG_WARN__DUPLICATE_METHOD_MATCH = YES;
				COPY_PHASE_STRIP = NO;
				DEBUG_INFORMATION_FORMAT = "dwarf-with-dsym";
				ENABLE_NS_ASSERTIONS = NO;
				ENABLE_STRICT_OBJC_MSGSEND = YES;
				GCC_C_LANGUAGE_STANDARD = gnu11;
				GCC_NO_COMMON_BLOCKS = YES;
				GCC_WARN_64_TO_32_BIT_CONVERSION = YES;
				GCC_WARN_ABOUT_RETURN_TYPE = YES_ERROR;
				GCC_WARN_UNDECLARED_SELECTOR = YES;
				GCC_WARN_UNINITIALIZED_AUTOS = YES_AGGRESSIVE;
				GCC_WARN_UNUSED_FUNCTION = YES;
				GCC_WARN_UNUSED_VARIABLE = YES;
				IPHONEOS_DEPLOYMENT_TARGET = 15.5;
				MTL_ENABLE_DEBUG_INFO = NO;
				MTL_FAST_MATH = YES;
				SDKROOT = iphoneos;
				SWIFT_COMPILATION_MODE = wholemodule;
				SWIFT_OPTIMIZATION_LEVEL = "-O";
				VALIDATE_PRODUCT = YES;
			};
			name = Release;
		};
		687CFE3528ABBC790024DCCD /* Debug */ = {
			isa = XCBuildConfiguration;
			baseConfigurationReference = A60EDBFB8BCC87E18288E3BA /* Pods-GTMBarCodeScannerDemo.debug.xcconfig */;
			buildSettings = {
				ASSETCATALOG_COMPILER_APPICON_NAME = AppIcon;
				ASSETCATALOG_COMPILER_GLOBAL_ACCENT_COLOR_NAME = AccentColor;
				CODE_SIGN_STYLE = Automatic;
				CURRENT_PROJECT_VERSION = 1;
				DEVELOPMENT_TEAM = WMH7D578F4;
				GENERATE_INFOPLIST_FILE = YES;
				INFOPLIST_FILE = GTMBarCodeScannerDemo/Info.plist;
				INFOPLIST_KEY_UIApplicationSupportsIndirectInputEvents = YES;
				INFOPLIST_KEY_UILaunchStoryboardName = LaunchScreen;
				INFOPLIST_KEY_UIMainStoryboardFile = Main;
				INFOPLIST_KEY_UISupportedInterfaceOrientations_iPad = "UIInterfaceOrientationPortrait UIInterfaceOrientationPortraitUpsideDown UIInterfaceOrientationLandscapeLeft UIInterfaceOrientationLandscapeRight";
				INFOPLIST_KEY_UISupportedInterfaceOrientations_iPhone = "UIInterfaceOrientationPortrait UIInterfaceOrientationLandscapeLeft UIInterfaceOrientationLandscapeRight";
				LD_RUNPATH_SEARCH_PATHS = (
					"$(inherited)",
					"@executable_path/Frameworks",
				);
				MARKETING_VERSION = 1.0;
				PRODUCT_BUNDLE_IDENTIFIER = com.maara;
				PRODUCT_NAME = "$(TARGET_NAME)";
				SWIFT_EMIT_LOC_STRINGS = YES;
				SWIFT_VERSION = 5.0;
				TARGETED_DEVICE_FAMILY = "1,2";
			};
			name = Debug;
		};
		687CFE3628ABBC790024DCCD /* Release */ = {
			isa = XCBuildConfiguration;
			baseConfigurationReference = 4FF368EFAF7EDCF1F3120122 /* Pods-GTMBarCodeScannerDemo.release.xcconfig */;
			buildSettings = {
				ASSETCATALOG_COMPILER_APPICON_NAME = AppIcon;
				ASSETCATALOG_COMPILER_GLOBAL_ACCENT_COLOR_NAME = AccentColor;
				CODE_SIGN_STYLE = Automatic;
				CURRENT_PROJECT_VERSION = 1;
				DEVELOPMENT_TEAM = WMH7D578F4;
				GENERATE_INFOPLIST_FILE = YES;
				INFOPLIST_FILE = GTMBarCodeScannerDemo/Info.plist;
				INFOPLIST_KEY_UIApplicationSupportsIndirectInputEvents = YES;
				INFOPLIST_KEY_UILaunchStoryboardName = LaunchScreen;
				INFOPLIST_KEY_UIMainStoryboardFile = Main;
				INFOPLIST_KEY_UISupportedInterfaceOrientations_iPad = "UIInterfaceOrientationPortrait UIInterfaceOrientationPortraitUpsideDown UIInterfaceOrientationLandscapeLeft UIInterfaceOrientationLandscapeRight";
				INFOPLIST_KEY_UISupportedInterfaceOrientations_iPhone = "UIInterfaceOrientationPortrait UIInterfaceOrientationLandscapeLeft UIInterfaceOrientationLandscapeRight";
				LD_RUNPATH_SEARCH_PATHS = (
					"$(inherited)",
					"@executable_path/Frameworks",
				);
				MARKETING_VERSION = 1.0;
				PRODUCT_BUNDLE_IDENTIFIER = com.maara;
				PRODUCT_NAME = "$(TARGET_NAME)";
				SWIFT_EMIT_LOC_STRINGS = YES;
				SWIFT_VERSION = 5.0;
				TARGETED_DEVICE_FAMILY = "1,2";
			};
			name = Release;
		};
/* End XCBuildConfiguration section */

/* Begin XCConfigurationList section */
		687CFE1B28ABBC780024DCCD /* Build configuration list for PBXProject "GTMBarCodeScannerDemo" */ = {
			isa = XCConfigurationList;
			buildConfigurations = (
				687CFE3228ABBC790024DCCD /* Debug */,
				687CFE3328ABBC790024DCCD /* Release */,
			);
			defaultConfigurationIsVisible = 0;
			defaultConfigurationName = Release;
		};
		687CFE3428ABBC790024DCCD /* Build configuration list for PBXNativeTarget "GTMBarCodeScannerDemo" */ = {
			isa = XCConfigurationList;
			buildConfigurations = (
				687CFE3528ABBC790024DCCD /* Debug */,
				687CFE3628ABBC790024DCCD /* Release */,
			);
			defaultConfigurationIsVisible = 0;
			defaultConfigurationName = Release;
		};
/* End XCConfigurationList section */
	};
	rootObject = 687CFE1828ABBC780024DCCD /* Project object */;
}
